PODS:
  - Alamofire (4.9.1)
  - SDWebImage (3.8.3):
    - SDWebImage/Core (= 3.8.3)
  - SDWebImage/Core (3.8.3)

DEPENDENCIES:
  - Alamofire (~> 4.4)
  - SDWebImage (~> 3.8)

SPEC REPOS:
  trunk:
    - Alamofire
    - SDWebImage

SPEC CHECKSUMS:
  Alamofire: 85e8a02c69d6020a0d734f6054870d7ecb75cf18
  SDWebImage: a72e880a8fe0f7fc31efe15aaed443c074d2a80c

PODFILE CHECKSUM: d3aeeeec739dff172b219e0c142973bc7277ddcb

COCOAPODS: 1.9.3
