// !$*UTF8*$!
{
	archiveVersion = 1;
	classes = {
	};
	objectVersion = 46;
	objects = {

/* Begin PBXBuildFile section */
		60F458C2DC46C5CC16A4BABB /* Pods_HelloLayoutTests.framework in Frameworks */ = {isa = PBXBuildFile; fileRef = FF8AE7CD0A4940C428A78080 /* Pods_HelloLayoutTests.framework */; };
		7E845AFA3CCB0B1D705D7CC9 /* Pods_HelloLayout.framework in Frameworks */ = {isa = PBXBuildFile; fileRef = BD78FD111725596C185E8214 /* Pods_HelloLayout.framework */; };
		8663BAD81EE3961C001BE9C8 /* AppDelegate.swift in Sources */ = {isa = PBXBuildFile; fileRef = 8663BAD71EE3961C001BE9C8 /* AppDelegate.swift */; };
		8663BADA1EE3961C001BE9C8 /* ViewController.swift in Sources */ = {isa = PBXBuildFile; fileRef = 8663BAD91EE3961C001BE9C8 /* ViewController.swift */; };
		8663BADD1EE3961C001BE9C8 /* Main.storyboard in Resources */ = {isa = PBXBuildFile; fileRef = 8663BADB1EE3961C001BE9C8 /* Main.storyboard */; };
		8663BADF1EE3961C001BE9C8 /* Assets.xcassets in Resources */ = {isa = PBXBuildFile; fileRef = 8663BADE1EE3961C001BE9C8 /* Assets.xcassets */; };
		8663BAE21EE3961C001BE9C8 /* LaunchScreen.storyboard in Resources */ = {isa = PBXBuildFile; fileRef = 8663BAE01EE3961C001BE9C8 /* LaunchScreen.storyboard */; };
		8663BAED1EE3961C001BE9C8 /* HelloLayoutTests.swift in Sources */ = {isa = PBXBuildFile; fileRef = 8663BAEC1EE3961C001BE9C8 /* HelloLayoutTests.swift */; };
		8663BAF81EE3961C001BE9C8 /* HelloLayoutUITests.swift in Sources */ = {isa = PBXBuildFile; fileRef = 8663BAF71EE3961C001BE9C8 /* HelloLayoutUITests.swift */; };
		8663BB061EE3ADF4001BE9C8 /* CustomListViewController.swift in Sources */ = {isa = PBXBuildFile; fileRef = 8663BB051EE3ADF4001BE9C8 /* CustomListViewController.swift */; };
		8663BB081EE3B442001BE9C8 /* CustomViewCell.swift in Sources */ = {isa = PBXBuildFile; fileRef = 8663BB071EE3B442001BE9C8 /* CustomViewCell.swift */; };
		8663BB0A1EE3C832001BE9C8 /* DetailViewController.swift in Sources */ = {isa = PBXBuildFile; fileRef = 8663BB091EE3C832001BE9C8 /* DetailViewController.swift */; };
		8663BB0C1EE3FC25001BE9C8 /* Constant.swift in Sources */ = {isa = PBXBuildFile; fileRef = 8663BB0B1EE3FC25001BE9C8 /* Constant.swift */; };
		E77184DEA29352C8F3453FBA /* Pods_HelloLayoutUITests.framework in Frameworks */ = {isa = PBXBuildFile; fileRef = 82C1E322B480130135E46D5F /* Pods_HelloLayoutUITests.framework */; };
/* End PBXBuildFile section */

/* Begin PBXContainerItemProxy section */
		8663BAE91EE3961C001BE9C8 /* PBXContainerItemProxy */ = {
			isa = PBXContainerItemProxy;
			containerPortal = 8663BACC1EE3961C001BE9C8 /* Project object */;
			proxyType = 1;
			remoteGlobalIDString = 8663BAD31EE3961C001BE9C8;
			remoteInfo = HelloLayout;
		};
		8663BAF41EE3961C001BE9C8 /* PBXContainerItemProxy */ = {
			isa = PBXContainerItemProxy;
			containerPortal = 8663BACC1EE3961C001BE9C8 /* Project object */;
			proxyType = 1;
			remoteGlobalIDString = 8663BAD31EE3961C001BE9C8;
			remoteInfo = HelloLayout;
		};
/* End PBXContainerItemProxy section */

/* Begin PBXFileReference section */
		0D42E199286F49A1C99EB6BD /* Pods-HelloLayout.release.xcconfig */ = {isa = PBXFileReference; includeInIndex = 1; lastKnownFileType = text.xcconfig; name = "Pods-HelloLayout.release.xcconfig"; path = "Pods/Target Support Files/Pods-HelloLayout/Pods-HelloLayout.release.xcconfig"; sourceTree = "<group>"; };
		337B03BC9011D654109F4D8F /* Pods-HelloLayout.debug.xcconfig */ = {isa = PBXFileReference; includeInIndex = 1; lastKnownFileType = text.xcconfig; name = "Pods-HelloLayout.debug.xcconfig"; path = "Pods/Target Support Files/Pods-HelloLayout/Pods-HelloLayout.debug.xcconfig"; sourceTree = "<group>"; };
		39E172546F3C17860F7BD03B /* Pods-HelloLayoutTests.release.xcconfig */ = {isa = PBXFileReference; includeInIndex = 1; lastKnownFileType = text.xcconfig; name = "Pods-HelloLayoutTests.release.xcconfig"; path = "Pods/Target Support Files/Pods-HelloLayoutTests/Pods-HelloLayoutTests.release.xcconfig"; sourceTree = "<group>"; };
		82C1E322B480130135E46D5F /* Pods_HelloLayoutUITests.framework */ = {isa = PBXFileReference; explicitFileType = wrapper.framework; includeInIndex = 0; path = Pods_HelloLayoutUITests.framework; sourceTree = BUILT_PRODUCTS_DIR; };
		8663BAD41EE3961C001BE9C8 /* HelloLayout.app */ = {isa = PBXFileReference; explicitFileType = wrapper.application; includeInIndex = 0; path = HelloLayout.app; sourceTree = BUILT_PRODUCTS_DIR; };
		8663BAD71EE3961C001BE9C8 /* AppDelegate.swift */ = {isa = PBXFileReference; lastKnownFileType = sourcecode.swift; path = AppDelegate.swift; sourceTree = "<group>"; };
		8663BAD91EE3961C001BE9C8 /* ViewController.swift */ = {isa = PBXFileReference; lastKnownFileType = sourcecode.swift; path = ViewController.swift; sourceTree = "<group>"; };
		8663BADC1EE3961C001BE9C8 /* Base */ = {isa = PBXFileReference; lastKnownFileType = file.storyboard; name = Base; path = Base.lproj/Main.storyboard; sourceTree = "<group>"; };
		8663BADE1EE3961C001BE9C8 /* Assets.xcassets */ = {isa = PBXFileReference; lastKnownFileType = folder.assetcatalog; path = Assets.xcassets; sourceTree = "<group>"; };
		8663BAE11EE3961C001BE9C8 /* Base */ = {isa = PBXFileReference; lastKnownFileType = file.storyboard; name = Base; path = Base.lproj/LaunchScreen.storyboard; sourceTree = "<group>"; };
		8663BAE31EE3961C001BE9C8 /* Info.plist */ = {isa = PBXFileReference; lastKnownFileType = text.plist.xml; path = Info.plist; sourceTree = "<group>"; };
		8663BAE81EE3961C001BE9C8 /* HelloLayoutTests.xctest */ = {isa = PBXFileReference; explicitFileType = wrapper.cfbundle; includeInIndex = 0; path = HelloLayoutTests.xctest; sourceTree = BUILT_PRODUCTS_DIR; };
		8663BAEC1EE3961C001BE9C8 /* HelloLayoutTests.swift */ = {isa = PBXFileReference; lastKnownFileType = sourcecode.swift; path = HelloLayoutTests.swift; sourceTree = "<group>"; };
		8663BAEE1EE3961C001BE9C8 /* Info.plist */ = {isa = PBXFileReference; lastKnownFileType = text.plist.xml; path = Info.plist; sourceTree = "<group>"; };
		8663BAF31EE3961C001BE9C8 /* HelloLayoutUITests.xctest */ = {isa = PBXFileReference; explicitFileType = wrapper.cfbundle; includeInIndex = 0; path = HelloLayoutUITests.xctest; sourceTree = BUILT_PRODUCTS_DIR; };
		8663BAF71EE3961C001BE9C8 /* HelloLayoutUITests.swift */ = {isa = PBXFileReference; lastKnownFileType = sourcecode.swift; path = HelloLayoutUITests.swift; sourceTree = "<group>"; };
		8663BAF91EE3961C001BE9C8 /* Info.plist */ = {isa = PBXFileReference; lastKnownFileType = text.plist.xml; path = Info.plist; sourceTree = "<group>"; };
		8663BB051EE3ADF4001BE9C8 /* CustomListViewController.swift */ = {isa = PBXFileReference; fileEncoding = 4; lastKnownFileType = sourcecode.swift; path = CustomListViewController.swift; sourceTree = "<group>"; };
		8663BB071EE3B442001BE9C8 /* CustomViewCell.swift */ = {isa = PBXFileReference; fileEncoding = 4; lastKnownFileType = sourcecode.swift; path = CustomViewCell.swift; sourceTree = "<group>"; };
		8663BB091EE3C832001BE9C8 /* DetailViewController.swift */ = {isa = PBXFileReference; fileEncoding = 4; lastKnownFileType = sourcecode.swift; path = DetailViewController.swift; sourceTree = "<group>"; };
		8663BB0B1EE3FC25001BE9C8 /* Constant.swift */ = {isa = PBXFileReference; fileEncoding = 4; lastKnownFileType = sourcecode.swift; path = Constant.swift; sourceTree = "<group>"; };
		9BB799927CA15349E5DBC947 /* Pods-HelloLayoutUITests.release.xcconfig */ = {isa = PBXFileReference; includeInIndex = 1; lastKnownFileType = text.xcconfig; name = "Pods-HelloLayoutUITests.release.xcconfig"; path = "Pods/Target Support Files/Pods-HelloLayoutUITests/Pods-HelloLayoutUITests.release.xcconfig"; sourceTree = "<group>"; };
		BD78FD111725596C185E8214 /* Pods_HelloLayout.framework */ = {isa = PBXFileReference; explicitFileType = wrapper.framework; includeInIndex = 0; path = Pods_HelloLayout.framework; sourceTree = BUILT_PRODUCTS_DIR; };
		CF9514BAB71EBEDC20D0F13B /* Pods-HelloLayoutUITests.debug.xcconfig */ = {isa = PBXFileReference; includeInIndex = 1; lastKnownFileType = text.xcconfig; name = "Pods-HelloLayoutUITests.debug.xcconfig"; path = "Pods/Target Support Files/Pods-HelloLayoutUITests/Pods-HelloLayoutUITests.debug.xcconfig"; sourceTree = "<group>"; };
		E8682DE64075A1BEEA56472A /* Pods-HelloLayoutTests.debug.xcconfig */ = {isa = PBXFileReference; includeInIndex = 1; lastKnownFileType = text.xcconfig; name = "Pods-HelloLayoutTests.debug.xcconfig"; path = "Pods/Target Support Files/Pods-HelloLayoutTests/Pods-HelloLayoutTests.debug.xcconfig"; sourceTree = "<group>"; };
		FF8AE7CD0A4940C428A78080 /* Pods_HelloLayoutTests.framework */ = {isa = PBXFileReference; explicitFileType = wrapper.framework; includeInIndex = 0; path = Pods_HelloLayoutTests.framework; sourceTree = BUILT_PRODUCTS_DIR; };
/* End PBXFileReference section */

/* Begin PBXFrameworksBuildPhase section */
		8663BAD11EE3961C001BE9C8 /* Frameworks */ = {
			isa = PBXFrameworksBuildPhase;
			buildActionMask = 2147483647;
			files = (
				7E845AFA3CCB0B1D705D7CC9 /* Pods_HelloLayout.framework in Frameworks */,
			);
			runOnlyForDeploymentPostprocessing = 0;
		};
		8663BAE51EE3961C001BE9C8 /* Frameworks */ = {
			isa = PBXFrameworksBuildPhase;
			buildActionMask = 2147483647;
			files = (
				60F458C2DC46C5CC16A4BABB /* Pods_HelloLayoutTests.framework in Frameworks */,
			);
			runOnlyForDeploymentPostprocessing = 0;
		};
		8663BAF01EE3961C001BE9C8 /* Frameworks */ = {
			isa = PBXFrameworksBuildPhase;
			buildActionMask = 2147483647;
			files = (
				E77184DEA29352C8F3453FBA /* Pods_HelloLayoutUITests.framework in Frameworks */,
			);
			runOnlyForDeploymentPostprocessing = 0;
		};
/* End PBXFrameworksBuildPhase section */

/* Begin PBXGroup section */
		762D70292D23E26CA22F8B78 /* Frameworks */ = {
			isa = PBXGroup;
			children = (
				BD78FD111725596C185E8214 /* Pods_HelloLayout.framework */,
				FF8AE7CD0A4940C428A78080 /* Pods_HelloLayoutTests.framework */,
				82C1E322B480130135E46D5F /* Pods_HelloLayoutUITests.framework */,
			);
			name = Frameworks;
			sourceTree = "<group>";
		};
		8663BACB1EE3961C001BE9C8 = {
			isa = PBXGroup;
			children = (
				8663BAD61EE3961C001BE9C8 /* HelloLayout */,
				8663BAEB1EE3961C001BE9C8 /* HelloLayoutTests */,
				8663BAF61EE3961C001BE9C8 /* HelloLayoutUITests */,
				8663BAD51EE3961C001BE9C8 /* Products */,
				BB63FEC56597E492A185D7DD /* Pods */,
				762D70292D23E26CA22F8B78 /* Frameworks */,
			);
			sourceTree = "<group>";
		};
		8663BAD51EE3961C001BE9C8 /* Products */ = {
			isa = PBXGroup;
			children = (
				8663BAD41EE3961C001BE9C8 /* HelloLayout.app */,
				8663BAE81EE3961C001BE9C8 /* HelloLayoutTests.xctest */,
				8663BAF31EE3961C001BE9C8 /* HelloLayoutUITests.xctest */,
			);
			name = Products;
			sourceTree = "<group>";
		};
		8663BAD61EE3961C001BE9C8 /* HelloLayout */ = {
			isa = PBXGroup;
			children = (
				8663BAD71EE3961C001BE9C8 /* AppDelegate.swift */,
				8663BB0B1EE3FC25001BE9C8 /* Constant.swift */,
				8663BAD91EE3961C001BE9C8 /* ViewController.swift */,
				8663BB051EE3ADF4001BE9C8 /* CustomListViewController.swift */,
				8663BB091EE3C832001BE9C8 /* DetailViewController.swift */,
				8663BB071EE3B442001BE9C8 /* CustomViewCell.swift */,
				8663BADB1EE3961C001BE9C8 /* Main.storyboard */,
				8663BADE1EE3961C001BE9C8 /* Assets.xcassets */,
				8663BAE01EE3961C001BE9C8 /* LaunchScreen.storyboard */,
				8663BAE31EE3961C001BE9C8 /* Info.plist */,
			);
			path = HelloLayout;
			sourceTree = "<group>";
		};
		8663BAEB1EE3961C001BE9C8 /* HelloLayoutTests */ = {
			isa = PBXGroup;
			children = (
				8663BAEC1EE3961C001BE9C8 /* HelloLayoutTests.swift */,
				8663BAEE1EE3961C001BE9C8 /* Info.plist */,
			);
			path = HelloLayoutTests;
			sourceTree = "<group>";
		};
		8663BAF61EE3961C001BE9C8 /* HelloLayoutUITests */ = {
			isa = PBXGroup;
			children = (
				8663BAF71EE3961C001BE9C8 /* HelloLayoutUITests.swift */,
				8663BAF91EE3961C001BE9C8 /* Info.plist */,
			);
			path = HelloLayoutUITests;
			sourceTree = "<group>";
		};
		BB63FEC56597E492A185D7DD /* Pods */ = {
			isa = PBXGroup;
			children = (
				337B03BC9011D654109F4D8F /* Pods-HelloLayout.debug.xcconfig */,
				0D42E199286F49A1C99EB6BD /* Pods-HelloLayout.release.xcconfig */,
				E8682DE64075A1BEEA56472A /* Pods-HelloLayoutTests.debug.xcconfig */,
				39E172546F3C17860F7BD03B /* Pods-HelloLayoutTests.release.xcconfig */,
				CF9514BAB71EBEDC20D0F13B /* Pods-HelloLayoutUITests.debug.xcconfig */,
				9BB799927CA15349E5DBC947 /* Pods-HelloLayoutUITests.release.xcconfig */,
			);
			name = Pods;
			sourceTree = "<group>";
		};
/* End PBXGroup section */

/* Begin PBXNativeTarget section */
		8663BAD31EE3961C001BE9C8 /* HelloLayout */ = {
			isa = PBXNativeTarget;
			buildConfigurationList = 8663BAFC1EE3961C001BE9C8 /* Build configuration list for PBXNativeTarget "HelloLayout" */;
			buildPhases = (
				FAA969F5B2653F640E73DDF2 /* [CP] Check Pods Manifest.lock */,
				8663BAD01EE3961C001BE9C8 /* Sources */,
				8663BAD11EE3961C001BE9C8 /* Frameworks */,
				8663BAD21EE3961C001BE9C8 /* Resources */,
				EB537640DFE9E53C94D8C513 /* [CP] Embed Pods Frameworks */,
			);
			buildRules = (
			);
			dependencies = (
			);
			name = HelloLayout;
			productName = HelloLayout;
			productReference = 8663BAD41EE3961C001BE9C8 /* HelloLayout.app */;
			productType = "com.apple.product-type.application";
		};
		8663BAE71EE3961C001BE9C8 /* HelloLayoutTests */ = {
			isa = PBXNativeTarget;
			buildConfigurationList = 8663BAFF1EE3961C001BE9C8 /* Build configuration list for PBXNativeTarget "HelloLayoutTests" */;
			buildPhases = (
				75601972D45BC2E2B3558B56 /* [CP] Check Pods Manifest.lock */,
				8663BAE41EE3961C001BE9C8 /* Sources */,
				8663BAE51EE3961C001BE9C8 /* Frameworks */,
				8663BAE61EE3961C001BE9C8 /* Resources */,
			);
			buildRules = (
			);
			dependencies = (
				8663BAEA1EE3961C001BE9C8 /* PBXTargetDependency */,
			);
			name = HelloLayoutTests;
			productName = HelloLayoutTests;
			productReference = 8663BAE81EE3961C001BE9C8 /* HelloLayoutTests.xctest */;
			productType = "com.apple.product-type.bundle.unit-test";
		};
		8663BAF21EE3961C001BE9C8 /* HelloLayoutUITests */ = {
			isa = PBXNativeTarget;
			buildConfigurationList = 8663BB021EE3961C001BE9C8 /* Build configuration list for PBXNativeTarget "HelloLayoutUITests" */;
			buildPhases = (
				ABA5831F9495ACC6116A7B62 /* [CP] Check Pods Manifest.lock */,
				8663BAEF1EE3961C001BE9C8 /* Sources */,
				8663BAF01EE3961C001BE9C8 /* Frameworks */,
				8663BAF11EE3961C001BE9C8 /* Resources */,
			);
			buildRules = (
			);
			dependencies = (
				8663BAF51EE3961C001BE9C8 /* PBXTargetDependency */,
			);
			name = HelloLayoutUITests;
			productName = HelloLayoutUITests;
			productReference = 8663BAF31EE3961C001BE9C8 /* HelloLayoutUITests.xctest */;
			productType = "com.apple.product-type.bundle.ui-testing";
		};
/* End PBXNativeTarget section */

/* Begin PBXProject section */
		8663BACC1EE3961C001BE9C8 /* Project object */ = {
			isa = PBXProject;
			attributes = {
				LastSwiftUpdateCheck = 0830;
				LastUpgradeCheck = 1200;
				ORGANIZATIONNAME = Hafiz;
				TargetAttributes = {
					8663BAD31EE3961C001BE9C8 = {
						CreatedOnToolsVersion = 8.3.2;
						DevelopmentTeam = 7YKPZF3MP5;
						LastSwiftMigration = 1200;
						ProvisioningStyle = Automatic;
					};
					8663BAE71EE3961C001BE9C8 = {
						CreatedOnToolsVersion = 8.3.2;
						DevelopmentTeam = 7YKPZF3MP5;
						LastSwiftMigration = 1200;
						ProvisioningStyle = Automatic;
						TestTargetID = 8663BAD31EE3961C001BE9C8;
					};
					8663BAF21EE3961C001BE9C8 = {
						CreatedOnToolsVersion = 8.3.2;
						DevelopmentTeam = 7YKPZF3MP5;
						LastSwiftMigration = 1200;
						ProvisioningStyle = Automatic;
						TestTargetID = 8663BAD31EE3961C001BE9C8;
					};
				};
			};
			buildConfigurationList = 8663BACF1EE3961C001BE9C8 /* Build configuration list for PBXProject "HelloLayout" */;
			compatibilityVersion = "Xcode 3.2";
			developmentRegion = en;
			hasScannedForEncodings = 0;
			knownRegions = (
				en,
				Base,
			);
			mainGroup = 8663BACB1EE3961C001BE9C8;
			productRefGroup = 8663BAD51EE3961C001BE9C8 /* Products */;
			projectDirPath = "";
			projectRoot = "";
			targets = (
				8663BAD31EE3961C001BE9C8 /* HelloLayout */,
				8663BAE71EE3961C001BE9C8 /* HelloLayoutTests */,
				8663BAF21EE3961C001BE9C8 /* HelloLayoutUITests */,
			);
		};
/* End PBXProject section */

/* Begin PBXResourcesBuildPhase section */
		8663BAD21EE3961C001BE9C8 /* Resources */ = {
			isa = PBXResourcesBuildPhase;
			buildActionMask = 2147483647;
			files = (
				8663BAE21EE3961C001BE9C8 /* LaunchScreen.storyboard in Resources */,
				8663BADF1EE3961C001BE9C8 /* Assets.xcassets in Resources */,
				8663BADD1EE3961C001BE9C8 /* Main.storyboard in Resources */,
			);
			runOnlyForDeploymentPostprocessing = 0;
		};
		8663BAE61EE3961C001BE9C8 /* Resources */ = {
			isa = PBXResourcesBuildPhase;
			buildActionMask = 2147483647;
			files = (
			);
			runOnlyForDeploymentPostprocessing = 0;
		};
		8663BAF11EE3961C001BE9C8 /* Resources */ = {
			isa = PBXResourcesBuildPhase;
			buildActionMask = 2147483647;
			files = (
			);
			runOnlyForDeploymentPostprocessing = 0;
		};
/* End PBXResourcesBuildPhase section */

/* Begin PBXShellScriptBuildPhase section */
		75601972D45BC2E2B3558B56 /* [CP] Check Pods Manifest.lock */ = {
			isa = PBXShellScriptBuildPhase;
			buildActionMask = 2147483647;
			files = (
			);
			inputPaths = (
				"${PODS_PODFILE_DIR_PATH}/Podfile.lock",
				"${PODS_ROOT}/Manifest.lock",
			);
			name = "[CP] Check Pods Manifest.lock";
			outputPaths = (
				"$(DERIVED_FILE_DIR)/Pods-HelloLayoutTests-checkManifestLockResult.txt",
			);
			runOnlyForDeploymentPostprocessing = 0;
			shellPath = /bin/sh;
			shellScript = "diff \"${PODS_PODFILE_DIR_PATH}/Podfile.lock\" \"${PODS_ROOT}/Manifest.lock\" > /dev/null\nif [ $? != 0 ] ; then\n    # print error to STDERR\n    echo \"error: The sandbox is not in sync with the Podfile.lock. Run 'pod install' or update your CocoaPods installation.\" >&2\n    exit 1\nfi\n# This output is used by Xcode 'outputs' to avoid re-running this script phase.\necho \"SUCCESS\" > \"${SCRIPT_OUTPUT_FILE_0}\"\n";
			showEnvVarsInLog = 0;
		};
		ABA5831F9495ACC6116A7B62 /* [CP] Check Pods Manifest.lock */ = {
			isa = PBXShellScriptBuildPhase;
			buildActionMask = 2147483647;
			files = (
			);
			inputPaths = (
				"${PODS_PODFILE_DIR_PATH}/Podfile.lock",
				"${PODS_ROOT}/Manifest.lock",
			);
			name = "[CP] Check Pods Manifest.lock";
			outputPaths = (
				"$(DERIVED_FILE_DIR)/Pods-HelloLayoutUITests-checkManifestLockResult.txt",
			);
			runOnlyForDeploymentPostprocessing = 0;
			shellPath = /bin/sh;
			shellScript = "diff \"${PODS_PODFILE_DIR_PATH}/Podfile.lock\" \"${PODS_ROOT}/Manifest.lock\" > /dev/null\nif [ $? != 0 ] ; then\n    # print error to STDERR\n    echo \"error: The sandbox is not in sync with the Podfile.lock. Run 'pod install' or update your CocoaPods installation.\" >&2\n    exit 1\nfi\n# This output is used by Xcode 'outputs' to avoid re-running this script phase.\necho \"SUCCESS\" > \"${SCRIPT_OUTPUT_FILE_0}\"\n";
			showEnvVarsInLog = 0;
		};
		EB537640DFE9E53C94D8C513 /* [CP] Embed Pods Frameworks */ = {
			isa = PBXShellScriptBuildPhase;
			buildActionMask = 2147483647;
			files = (
			);
			inputPaths = (
				"${PODS_ROOT}/Target Support Files/Pods-HelloLayout/Pods-HelloLayout-frameworks.sh",
				"${BUILT_PRODUCTS_DIR}/Alamofire/Alamofire.framework",
				"${BUILT_PRODUCTS_DIR}/SDWebImage/SDWebImage.framework",
			);
			name = "[CP] Embed Pods Frameworks";
			outputPaths = (
				"${TARGET_BUILD_DIR}/${FRAMEWORKS_FOLDER_PATH}/Alamofire.framework",
				"${TARGET_BUILD_DIR}/${FRAMEWORKS_FOLDER_PATH}/SDWebImage.framework",
			);
			runOnlyForDeploymentPostprocessing = 0;
			shellPath = /bin/sh;
			shellScript = "\"${PODS_ROOT}/Target Support Files/Pods-HelloLayout/Pods-HelloLayout-frameworks.sh\"\n";
			showEnvVarsInLog = 0;
		};
		FAA969F5B2653F640E73DDF2 /* [CP] Check Pods Manifest.lock */ = {
			isa = PBXShellScriptBuildPhase;
			buildActionMask = 2147483647;
			files = (
			);
			inputPaths = (
				"${PODS_PODFILE_DIR_PATH}/Podfile.lock",
				"${PODS_ROOT}/Manifest.lock",
			);
			name = "[CP] Check Pods Manifest.lock";
			outputPaths = (
				"$(DERIVED_FILE_DIR)/Pods-HelloLayout-checkManifestLockResult.txt",
			);
			runOnlyForDeploymentPostprocessing = 0;
			shellPath = /bin/sh;
			shellScript = "diff \"${PODS_PODFILE_DIR_PATH}/Podfile.lock\" \"${PODS_ROOT}/Manifest.lock\" > /dev/null\nif [ $? != 0 ] ; then\n    # print error to STDERR\n    echo \"error: The sandbox is not in sync with the Podfile.lock. Run 'pod install' or update your CocoaPods installation.\" >&2\n    exit 1\nfi\n# This output is used by Xcode 'outputs' to avoid re-running this script phase.\necho \"SUCCESS\" > \"${SCRIPT_OUTPUT_FILE_0}\"\n";
			showEnvVarsInLog = 0;
		};
/* End PBXShellScriptBuildPhase section */

/* Begin PBXSourcesBuildPhase section */
		8663BAD01EE3961C001BE9C8 /* Sources */ = {
			isa = PBXSourcesBuildPhase;
			buildActionMask = 2147483647;
			files = (
				8663BB061EE3ADF4001BE9C8 /* CustomListViewController.swift in Sources */,
				8663BB081EE3B442001BE9C8 /* CustomViewCell.swift in Sources */,
				8663BB0A1EE3C832001BE9C8 /* DetailViewController.swift in Sources */,
				8663BADA1EE3961C001BE9C8 /* ViewController.swift in Sources */,
				8663BAD81EE3961C001BE9C8 /* AppDelegate.swift in Sources */,
				8663BB0C1EE3FC25001BE9C8 /* Constant.swift in Sources */,
			);
			runOnlyForDeploymentPostprocessing = 0;
		};
		8663BAE41EE3961C001BE9C8 /* Sources */ = {
			isa = PBXSourcesBuildPhase;
			buildActionMask = 2147483647;
			files = (
				8663BAED1EE3961C001BE9C8 /* HelloLayoutTests.swift in Sources */,
			);
			runOnlyForDeploymentPostprocessing = 0;
		};
		8663BAEF1EE3961C001BE9C8 /* Sources */ = {
			isa = PBXSourcesBuildPhase;
			buildActionMask = 2147483647;
			files = (
				8663BAF81EE3961C001BE9C8 /* HelloLayoutUITests.swift in Sources */,
			);
			runOnlyForDeploymentPostprocessing = 0;
		};
/* End PBXSourcesBuildPhase section */

/* Begin PBXTargetDependency section */
		8663BAEA1EE3961C001BE9C8 /* PBXTargetDependency */ = {
			isa = PBXTargetDependency;
			target = 8663BAD31EE3961C001BE9C8 /* HelloLayout */;
			targetProxy = 8663BAE91EE3961C001BE9C8 /* PBXContainerItemProxy */;
		};
		8663BAF51EE3961C001BE9C8 /* PBXTargetDependency */ = {
			isa = PBXTargetDependency;
			target = 8663BAD31EE3961C001BE9C8 /* HelloLayout */;
			targetProxy = 8663BAF41EE3961C001BE9C8 /* PBXContainerItemProxy */;
		};
/* End PBXTargetDependency section */

/* Begin PBXVariantGroup section */
		8663BADB1EE3961C001BE9C8 /* Main.storyboard */ = {
			isa = PBXVariantGroup;
			children = (
				8663BADC1EE3961C001BE9C8 /* Base */,
			);
			name = Main.storyboard;
			sourceTree = "<group>";
		};
		8663BAE01EE3961C001BE9C8 /* LaunchScreen.storyboard */ = {
			isa = PBXVariantGroup;
			children = (
				8663BAE11EE3961C001BE9C8 /* Base */,
			);
			name = LaunchScreen.storyboard;
			sourceTree = "<group>";
		};
/* End PBXVariantGroup section */

/* Begin XCBuildConfiguration section */
		8663BAFA1EE3961C001BE9C8 /* Debug */ = {
			isa = XCBuildConfiguration;
			buildSettings = {
				ALWAYS_SEARCH_USER_PATHS = NO;
				CLANG_ANALYZER_LOCALIZABILITY_NONLOCALIZED = YES;
				CLANG_ANALYZER_NONNULL = YES;
				CLANG_ANALYZER_NUMBER_OBJECT_CONVERSION = YES_AGGRESSIVE;
				CLANG_CXX_LANGUAGE_STANDARD = "gnu++0x";
				CLANG_CXX_LIBRARY = "libc++";
				CLANG_ENABLE_MODULES = YES;
				CLANG_ENABLE_OBJC_ARC = YES;
				CLANG_WARN_BLOCK_CAPTURE_AUTORELEASING = YES;
				CLANG_WARN_BOOL_CONVERSION = YES;
				CLANG_WARN_COMMA = YES;
				CLANG_WARN_CONSTANT_CONVERSION = YES;
				CLANG_WARN_DEPRECATED_OBJC_IMPLEMENTATIONS = YES;
				CLANG_WARN_DIRECT_OBJC_ISA_USAGE = YES_ERROR;
				CLANG_WARN_DOCUMENTATION_COMMENTS = YES;
				CLANG_WARN_EMPTY_BODY = YES;
				CLANG_WARN_ENUM_CONVERSION = YES;
				CLANG_WARN_INFINITE_RECURSION = YES;
				CLANG_WARN_INT_CONVERSION = YES;
				CLANG_WARN_NON_LITERAL_NULL_CONVERSION = YES;
				CLANG_WARN_OBJC_IMPLICIT_RETAIN_SELF = YES;
				CLANG_WARN_OBJC_LITERAL_CONVERSION = YES;
				CLANG_WARN_OBJC_ROOT_CLASS = YES_ERROR;
				CLANG_WARN_QUOTED_INCLUDE_IN_FRAMEWORK_HEADER = YES;
				CLANG_WARN_RANGE_LOOP_ANALYSIS = YES;
				CLANG_WARN_STRICT_PROTOTYPES = YES;
				CLANG_WARN_SUSPICIOUS_MOVE = YES;
				CLANG_WARN_UNREACHABLE_CODE = YES;
				CLANG_WARN__DUPLICATE_METHOD_MATCH = YES;
				"CODE_SIGN_IDENTITY[sdk=iphoneos*]" = "iPhone Developer";
				COPY_PHASE_STRIP = NO;
				DEBUG_INFORMATION_FORMAT = dwarf;
				ENABLE_STRICT_OBJC_MSGSEND = YES;
				ENABLE_TESTABILITY = YES;
				GCC_C_LANGUAGE_STANDARD = gnu99;
				GCC_DYNAMIC_NO_PIC = NO;
				GCC_NO_COMMON_BLOCKS = YES;
				GCC_OPTIMIZATION_LEVEL = 0;
				GCC_PREPROCESSOR_DEFINITIONS = (
					"DEBUG=1",
					"$(inherited)",
				);
				GCC_WARN_64_TO_32_BIT_CONVERSION = YES;
				GCC_WARN_ABOUT_RETURN_TYPE = YES_ERROR;
				GCC_WARN_UNDECLARED_SELECTOR = YES;
				GCC_WARN_UNINITIALIZED_AUTOS = YES_AGGRESSIVE;
				GCC_WARN_UNUSED_FUNCTION = YES;
				GCC_WARN_UNUSED_VARIABLE = YES;
				IPHONEOS_DEPLOYMENT_TARGET = 12.0;
				MTL_ENABLE_DEBUG_INFO = YES;
				ONLY_ACTIVE_ARCH = YES;
				SDKROOT = iphoneos;
				SWIFT_ACTIVE_COMPILATION_CONDITIONS = DEBUG;
				SWIFT_OPTIMIZATION_LEVEL = "-Onone";
				TARGETED_DEVICE_FAMILY = "1,2";
			};
			name = Debug;
		};
		8663BAFB1EE3961C001BE9C8 /* Release */ = {
			isa = XCBuildConfiguration;
			buildSettings = {
				ALWAYS_SEARCH_USER_PATHS = NO;
				CLANG_ANALYZER_LOCALIZABILITY_NONLOCALIZED = YES;
				CLANG_ANALYZER_NONNULL = YES;
				CLANG_ANALYZER_NUMBER_OBJECT_CONVERSION = YES_AGGRESSIVE;
				CLANG_CXX_LANGUAGE_STANDARD = "gnu++0x";
				CLANG_CXX_LIBRARY = "libc++";
				CLANG_ENABLE_MODULES = YES;
				CLANG_ENABLE_OBJC_ARC = YES;
				CLANG_WARN_BLOCK_CAPTURE_AUTORELEASING = YES;
				CLANG_WARN_BOOL_CONVERSION = YES;
				CLANG_WARN_COMMA = YES;
				CLANG_WARN_CONSTANT_CONVERSION = YES;
				CLANG_WARN_DEPRECATED_OBJC_IMPLEMENTATIONS = YES;
				CLANG_WARN_DIRECT_OBJC_ISA_USAGE = YES_ERROR;
				CLANG_WARN_DOCUMENTATION_COMMENTS = YES;
				CLANG_WARN_EMPTY_BODY = YES;
				CLANG_WARN_ENUM_CONVERSION = YES;
				CLANG_WARN_INFINITE_RECURSION = YES;
				CLANG_WARN_INT_CONVERSION = YES;
				CLANG_WARN_NON_LITERAL_NULL_CONVERSION = YES;
				CLANG_WARN_OBJC_IMPLICIT_RETAIN_SELF = YES;
				CLANG_WARN_OBJC_LITERAL_CONVERSION = YES;
				CLANG_WARN_OBJC_ROOT_CLASS = YES_ERROR;
				CLANG_WARN_QUOTED_INCLUDE_IN_FRAMEWORK_HEADER = YES;
				CLANG_WARN_RANGE_LOOP_ANALYSIS = YES;
				CLANG_WARN_STRICT_PROTOTYPES = YES;
				CLANG_WARN_SUSPICIOUS_MOVE = YES;
				CLANG_WARN_UNREACHABLE_CODE = YES;
				CLANG_WARN__DUPLICATE_METHOD_MATCH = YES;
				"CODE_SIGN_IDENTITY[sdk=iphoneos*]" = "iPhone Developer";
				COPY_PHASE_STRIP = NO;
				DEBUG_INFORMATION_FORMAT = "dwarf-with-dsym";
				ENABLE_NS_ASSERTIONS = NO;
				ENABLE_STRICT_OBJC_MSGSEND = YES;
				GCC_C_LANGUAGE_STANDARD = gnu99;
				GCC_NO_COMMON_BLOCKS = YES;
				GCC_WARN_64_TO_32_BIT_CONVERSION = YES;
				GCC_WARN_ABOUT_RETURN_TYPE = YES_ERROR;
				GCC_WARN_UNDECLARED_SELECTOR = YES;
				GCC_WARN_UNINITIALIZED_AUTOS = YES_AGGRESSIVE;
				GCC_WARN_UNUSED_FUNCTION = YES;
				GCC_WARN_UNUSED_VARIABLE = YES;
				IPHONEOS_DEPLOYMENT_TARGET = 12.0;
				MTL_ENABLE_DEBUG_INFO = NO;
				SDKROOT = iphoneos;
				SWIFT_OPTIMIZATION_LEVEL = "-Owholemodule";
				TARGETED_DEVICE_FAMILY = "1,2";
				VALIDATE_PRODUCT = YES;
			};
			name = Release;
		};
		8663BAFD1EE3961C001BE9C8 /* Debug */ = {
			isa = XCBuildConfiguration;
			baseConfigurationReference = 337B03BC9011D654109F4D8F /* Pods-HelloLayout.debug.xcconfig */;
			buildSettings = {
				ASSETCATALOG_COMPILER_APPICON_NAME = AppIcon;
				DEVELOPMENT_TEAM = 7YKPZF3MP5;
				INFOPLIST_FILE = HelloLayout/Info.plist;
				LD_RUNPATH_SEARCH_PATHS = "$(inherited) @executable_path/Frameworks";
				PRODUCT_BUNDLE_IDENTIFIER = my.hafiz.HelloLayout;
				PRODUCT_NAME = "$(TARGET_NAME)";
				SWIFT_SWIFT3_OBJC_INFERENCE = On;
				SWIFT_VERSION = 5.0;
			};
			name = Debug;
		};
		8663BAFE1EE3961C001BE9C8 /* Release */ = {
			isa = XCBuildConfiguration;
			baseConfigurationReference = 0D42E199286F49A1C99EB6BD /* Pods-HelloLayout.release.xcconfig */;
			buildSettings = {
				ASSETCATALOG_COMPILER_APPICON_NAME = AppIcon;
				DEVELOPMENT_TEAM = 7YKPZF3MP5;
				INFOPLIST_FILE = HelloLayout/Info.plist;
				LD_RUNPATH_SEARCH_PATHS = "$(inherited) @executable_path/Frameworks";
				PRODUCT_BUNDLE_IDENTIFIER = my.hafiz.HelloLayout;
				PRODUCT_NAME = "$(TARGET_NAME)";
				SWIFT_SWIFT3_OBJC_INFERENCE = On;
				SWIFT_VERSION = 5.0;
			};
			name = Release;
		};
		8663BB001EE3961C001BE9C8 /* Debug */ = {
			isa = XCBuildConfiguration;
			baseConfigurationReference = E8682DE64075A1BEEA56472A /* Pods-HelloLayoutTests.debug.xcconfig */;
			buildSettings = {
				ALWAYS_EMBED_SWIFT_STANDARD_LIBRARIES = YES;
				BUNDLE_LOADER = "$(TEST_HOST)";
				DEVELOPMENT_TEAM = 7YKPZF3MP5;
				INFOPLIST_FILE = HelloLayoutTests/Info.plist;
				LD_RUNPATH_SEARCH_PATHS = "$(inherited) @executable_path/Frameworks @loader_path/Frameworks";
				PRODUCT_BUNDLE_IDENTIFIER = my.hafiz.HelloLayoutTests;
				PRODUCT_NAME = "$(TARGET_NAME)";
				SWIFT_SWIFT3_OBJC_INFERENCE = On;
				SWIFT_VERSION = 5.0;
				TEST_HOST = "$(BUILT_PRODUCTS_DIR)/HelloLayout.app/HelloLayout";
			};
			name = Debug;
		};
		8663BB011EE3961C001BE9C8 /* Release */ = {
			isa = XCBuildConfiguration;
			baseConfigurationReference = 39E172546F3C17860F7BD03B /* Pods-HelloLayoutTests.release.xcconfig */;
			buildSettings = {
				ALWAYS_EMBED_SWIFT_STANDARD_LIBRARIES = YES;
				BUNDLE_LOADER = "$(TEST_HOST)";
				DEVELOPMENT_TEAM = 7YKPZF3MP5;
				INFOPLIST_FILE = HelloLayoutTests/Info.plist;
				LD_RUNPATH_SEARCH_PATHS = "$(inherited) @executable_path/Frameworks @loader_path/Frameworks";
				PRODUCT_BUNDLE_IDENTIFIER = my.hafiz.HelloLayoutTests;
				PRODUCT_NAME = "$(TARGET_NAME)";
				SWIFT_SWIFT3_OBJC_INFERENCE = On;
				SWIFT_VERSION = 5.0;
				TEST_HOST = "$(BUILT_PRODUCTS_DIR)/HelloLayout.app/HelloLayout";
			};
			name = Release;
		};
		8663BB031EE3961C001BE9C8 /* Debug */ = {
			isa = XCBuildConfiguration;
			baseConfigurationReference = CF9514BAB71EBEDC20D0F13B /* Pods-HelloLayoutUITests.debug.xcconfig */;
			buildSettings = {
				ALWAYS_EMBED_SWIFT_STANDARD_LIBRARIES = YES;
				DEVELOPMENT_TEAM = 7YKPZF3MP5;
				INFOPLIST_FILE = HelloLayoutUITests/Info.plist;
				LD_RUNPATH_SEARCH_PATHS = "$(inherited) @executable_path/Frameworks @loader_path/Frameworks";
				PRODUCT_BUNDLE_IDENTIFIER = my.hafiz.HelloLayoutUITests;
				PRODUCT_NAME = "$(TARGET_NAME)";
				SWIFT_SWIFT3_OBJC_INFERENCE = On;
				SWIFT_VERSION = 5.0;
				TEST_TARGET_NAME = HelloLayout;
			};
			name = Debug;
		};
		8663BB041EE3961C001BE9C8 /* Release */ = {
			isa = XCBuildConfiguration;
			baseConfigurationReference = 9BB799927CA15349E5DBC947 /* Pods-HelloLayoutUITests.release.xcconfig */;
			buildSettings = {
				ALWAYS_EMBED_SWIFT_STANDARD_LIBRARIES = YES;
				DEVELOPMENT_TEAM = 7YKPZF3MP5;
				INFOPLIST_FILE = HelloLayoutUITests/Info.plist;
				LD_RUNPATH_SEARCH_PATHS = "$(inherited) @executable_path/Frameworks @loader_path/Frameworks";
				PRODUCT_BUNDLE_IDENTIFIER = my.hafiz.HelloLayoutUITests;
				PRODUCT_NAME = "$(TARGET_NAME)";
				SWIFT_SWIFT3_OBJC_INFERENCE = On;
				SWIFT_VERSION = 5.0;
				TEST_TARGET_NAME = HelloLayout;
			};
			name = Release;
		};
/* End XCBuildConfiguration section */

/* Begin XCConfigurationList section */
		8663BACF1EE3961C001BE9C8 /* Build configuration list for PBXProject "HelloLayout" */ = {
			isa = XCConfigurationList;
			buildConfigurations = (
				8663BAFA1EE3961C001BE9C8 /* Debug */,
				8663BAFB1EE3961C001BE9C8 /* Release */,
			);
			defaultConfigurationIsVisible = 0;
			defaultConfigurationName = Release;
		};
		8663BAFC1EE3961C001BE9C8 /* Build configuration list for PBXNativeTarget "HelloLayout" */ = {
			isa = XCConfigurationList;
			buildConfigurations = (
				8663BAFD1EE3961C001BE9C8 /* Debug */,
				8663BAFE1EE3961C001BE9C8 /* Release */,
			);
			defaultConfigurationIsVisible = 0;
			defaultConfigurationName = Release;
		};
		8663BAFF1EE3961C001BE9C8 /* Build configuration list for PBXNativeTarget "HelloLayoutTests" */ = {
			isa = XCConfigurationList;
			buildConfigurations = (
				8663BB001EE3961C001BE9C8 /* Debug */,
				8663BB011EE3961C001BE9C8 /* Release */,
			);
			defaultConfigurationIsVisible = 0;
			defaultConfigurationName = Release;
		};
		8663BB021EE3961C001BE9C8 /* Build configuration list for PBXNativeTarget "HelloLayoutUITests" */ = {
			isa = XCConfigurationList;
			buildConfigurations = (
				8663BB031EE3961C001BE9C8 /* Debug */,
				8663BB041EE3961C001BE9C8 /* Release */,
			);
			defaultConfigurationIsVisible = 0;
			defaultConfigurationName = Release;
		};
/* End XCConfigurationList section */
	};
	rootObject = 8663BACC1EE3961C001BE9C8 /* Project object */;
}
